
Microsoft Visual Studio Solution File, Format Version 12.00
# Visual Studio Version 17
VisualStudioVersion = 17.5.33627.172
MinimumVisualStudioVersion = 10.0.40219.1
Project("{FAE04EC0-301F-11D3-BF4B-00C04F79EFBC}") = "productApplication", "productApplication\productApplication.csproj", "{79CB0623-7779-4A54-91BE-42E5391DADCE}"
EndProject
Global
	GlobalSection(SolutionConfigurationPlatforms) = preSolution
		Debug|Any CPU = Debug|Any CPU
		Release|Any CPU = Release|Any CPU
	EndGlobalSection
	GlobalSection(ProjectConfigurationPlatforms) = postSolution
		{79CB0623-7779-4A54-91BE-42E5391DADCE}.Debug|Any CPU.ActiveCfg = Debug|Any CPU
		{79CB0623-7779-4A54-91BE-42E5391DADCE}.Debug|Any CPU.Build.0 = Debug|Any CPU
		{79CB0623-7779-4A54-91BE-42E5391DADCE}.Release|Any CPU.ActiveCfg = Release|Any CPU
		{79CB0623-7779-4A54-91BE-42E5391DADCE}.Release|Any CPU.Build.0 = Release|Any CPU
	EndGlobalSection
	GlobalSection(SolutionProperties) = preSolution
		HideSolutionNode = FALSE
	EndGlobalSection
	GlobalSection(ExtensibilityGlobals) = postSolution
		SolutionGuid = {51D0B578-68D2-402D-AE4F-AEE623471DCC}
	EndGlobalSection
EndGlobal
